
Microsoft Visual Studio Solution File, Format Version 12.00
# Visual Studio 15
VisualStudioVersion = 15.0.28307.779
MinimumVisualStudioVersion = 10.0.40219.1
Project("{8BC9CEB8-8B4A-11D0-8D11-00A0C91BC942}") = "EarClipping", "EarClipping\EarClipping.vcxproj", "{691415EC-4CD3-43B7-A274-59CEA8F952DA}"
EndProject
Global
	GlobalSection(SolutionConfigurationPlatforms) = preSolution
		Debug|x64 = Debug|x64
		Debug|x86 = Debug|x86
		Release|x64 = Release|x64
		Release|x86 = Release|x86
	EndGlobalSection
	GlobalSection(ProjectConfigurationPlatforms) = postSolution
		{691415EC-4CD3-43B7-A274-59CEA8F952DA}.Debug|x64.ActiveCfg = Debug|x64
		{691415EC-4CD3-43B7-A274-59CEA8F952DA}.Debug|x64.Build.0 = Debug|x64
		{691415EC-4CD3-43B7-A274-59CEA8F952DA}.Debug|x86.ActiveCfg = Debug|Win32
		{691415EC-4CD3-43B7-A274-59CEA8F952DA}.Debug|x86.Build.0 = Debug|Win32
		{691415EC-4CD3-43B7-A274-59CEA8F952DA}.Release|x64.ActiveCfg = Release|x64
		{691415EC-4CD3-43B7-A274-59CEA8F952DA}.Release|x64.Build.0 = Release|x64
		{691415EC-4CD3-43B7-A274-59CEA8F952DA}.Release|x86.ActiveCfg = Release|Win32
		{691415EC-4CD3-43B7-A274-59CEA8F952DA}.Release|x86.Build.0 = Release|Win32
	EndGlobalSection
	GlobalSection(SolutionProperties) = preSolution
		HideSolutionNode = FALSE
	EndGlobalSection
	GlobalSection(ExtensibilityGlobals) = postSolution
		SolutionGuid = {841C6F67-53FA-4B7B-8179-3153B991359C}
	EndGlobalSection
EndGlobal
